
Microsoft Visual Studio Solution File, Format Version 12.00
# Visual Studio 15
VisualStudioVersion = 15.0.27130.2036
MinimumVisualStudioVersion = 10.0.40219.1
Project("{FAE04EC0-301F-11D3-BF4B-00C04F79EFBC}") = "LabDesk", "LabDesk\LabDesk.csproj", "{64D071C6-FA5B-483C-8858-0EBFDAAFC19C}"
EndProject
Project("{FAE04EC0-301F-11D3-BF4B-00C04F79EFBC}") = "Entity", "EntityLab\Entity.csproj", "{D0D482FE-FACB-4106-A8D2-206089B092EE}"
EndProject
Project("{FAE04EC0-301F-11D3-BF4B-00C04F79EFBC}") = "Utilities", "Utilities\Utilities.csproj", "{6A1FA5B1-21B9-481B-8EFE-7B6CCB765A40}"
EndProject
Project("{FAE04EC0-301F-11D3-BF4B-00C04F79EFBC}") = "DataManager", "DataManager\DataManager.csproj", "{F2E3A6E0-94E9-4579-A29F-94C6C605EF14}"
EndProject
Project("{FAE04EC0-301F-11D3-BF4B-00C04F79EFBC}") = "LabServices", "LabServices\LabServices.csproj", "{BE4F15A8-FBF2-4098-B965-DE81A222F828}"
EndProject
Project("{FAE04EC0-301F-11D3-BF4B-00C04F79EFBC}") = "DeskLab", "DeskLab\DeskLab.csproj", "{C6F19EBF-7EB2-4C46-8469-D3F1212D1A9C}"
EndProject
Global
	GlobalSection(SolutionConfigurationPlatforms) = preSolution
		Debug|Any CPU = Debug|Any CPU
		Release|Any CPU = Release|Any CPU
	EndGlobalSection
	GlobalSection(ProjectConfigurationPlatforms) = postSolution
		{64D071C6-FA5B-483C-8858-0EBFDAAFC19C}.Debug|Any CPU.ActiveCfg = Debug|Any CPU
		{64D071C6-FA5B-483C-8858-0EBFDAAFC19C}.Debug|Any CPU.Build.0 = Debug|Any CPU
		{64D071C6-FA5B-483C-8858-0EBFDAAFC19C}.Release|Any CPU.ActiveCfg = Release|Any CPU
		{64D071C6-FA5B-483C-8858-0EBFDAAFC19C}.Release|Any CPU.Build.0 = Release|Any CPU
		{D0D482FE-FACB-4106-A8D2-206089B092EE}.Debug|Any CPU.ActiveCfg = Debug|Any CPU
		{D0D482FE-FACB-4106-A8D2-206089B092EE}.Debug|Any CPU.Build.0 = Debug|Any CPU
		{D0D482FE-FACB-4106-A8D2-206089B092EE}.Release|Any CPU.ActiveCfg = Release|Any CPU
		{D0D482FE-FACB-4106-A8D2-206089B092EE}.Release|Any CPU.Build.0 = Release|Any CPU
		{6A1FA5B1-21B9-481B-8EFE-7B6CCB765A40}.Debug|Any CPU.ActiveCfg = Debug|Any CPU
		{6A1FA5B1-21B9-481B-8EFE-7B6CCB765A40}.Debug|Any CPU.Build.0 = Debug|Any CPU
		{6A1FA5B1-21B9-481B-8EFE-7B6CCB765A40}.Release|Any CPU.ActiveCfg = Release|Any CPU
		{6A1FA5B1-21B9-481B-8EFE-7B6CCB765A40}.Release|Any CPU.Build.0 = Release|Any CPU
		{F2E3A6E0-94E9-4579-A29F-94C6C605EF14}.Debug|Any CPU.ActiveCfg = Debug|Any CPU
		{F2E3A6E0-94E9-4579-A29F-94C6C605EF14}.Debug|Any CPU.Build.0 = Debug|Any CPU
		{F2E3A6E0-94E9-4579-A29F-94C6C605EF14}.Release|Any CPU.ActiveCfg = Release|Any CPU
		{F2E3A6E0-94E9-4579-A29F-94C6C605EF14}.Release|Any CPU.Build.0 = Release|Any CPU
		{BE4F15A8-FBF2-4098-B965-DE81A222F828}.Debug|Any CPU.ActiveCfg = Debug|Any CPU
		{BE4F15A8-FBF2-4098-B965-DE81A222F828}.Debug|Any CPU.Build.0 = Debug|Any CPU
		{BE4F15A8-FBF2-4098-B965-DE81A222F828}.Release|Any CPU.ActiveCfg = Release|Any CPU
		{BE4F15A8-FBF2-4098-B965-DE81A222F828}.Release|Any CPU.Build.0 = Release|Any CPU
		{C6F19EBF-7EB2-4C46-8469-D3F1212D1A9C}.Debug|Any CPU.ActiveCfg = Debug|Any CPU
		{C6F19EBF-7EB2-4C46-8469-D3F1212D1A9C}.Debug|Any CPU.Build.0 = Debug|Any CPU
		{C6F19EBF-7EB2-4C46-8469-D3F1212D1A9C}.Release|Any CPU.ActiveCfg = Release|Any CPU
		{C6F19EBF-7EB2-4C46-8469-D3F1212D1A9C}.Release|Any CPU.Build.0 = Release|Any CPU
	EndGlobalSection
	GlobalSection(SolutionProperties) = preSolution
		HideSolutionNode = FALSE
	EndGlobalSection
	GlobalSection(ExtensibilityGlobals) = postSolution
		SolutionGuid = {46E203F3-5DCB-4243-8BB2-9A1428288B13}
	EndGlobalSection
EndGlobal
